
Microsoft Visual Studio Solution File, Format Version 12.00
# Visual Studio Version 17
VisualStudioVersion = 17.4.33110.190
MinimumVisualStudioVersion = 10.0.40219.1
Project("{9A19103F-16F7-4668-BE54-9A1E7A4F7556}") = "Scoreboard.Shared", "Scoreboard.Shared\Scoreboard.Shared.csproj", "{C8BF02CB-30B9-46F9-9196-504C0F6DB3A9}"
EndProject
Project("{9A19103F-16F7-4668-BE54-9A1E7A4F7556}") = "Scoreboard.API", "Scoreboard.API\Scoreboard.API.csproj", "{DABCA8F7-F53B-400D-891C-01B3443C5FAD}"
EndProject
Global
	GlobalSection(SolutionConfigurationPlatforms) = preSolution
		Debug|Any CPU = Debug|Any CPU
		Release|Any CPU = Release|Any CPU
	EndGlobalSection
	GlobalSection(ProjectConfigurationPlatforms) = postSolution
		{C8BF02CB-30B9-46F9-9196-504C0F6DB3A9}.Debug|Any CPU.ActiveCfg = Debug|Any CPU
		{C8BF02CB-30B9-46F9-9196-504C0F6DB3A9}.Debug|Any CPU.Build.0 = Debug|Any CPU
		{C8BF02CB-30B9-46F9-9196-504C0F6DB3A9}.Release|Any CPU.ActiveCfg = Release|Any CPU
		{C8BF02CB-30B9-46F9-9196-504C0F6DB3A9}.Release|Any CPU.Build.0 = Release|Any CPU
		{DABCA8F7-F53B-400D-891C-01B3443C5FAD}.Debug|Any CPU.ActiveCfg = Debug|Any CPU
		{DABCA8F7-F53B-400D-891C-01B3443C5FAD}.Debug|Any CPU.Build.0 = Debug|Any CPU
		{DABCA8F7-F53B-400D-891C-01B3443C5FAD}.Release|Any CPU.ActiveCfg = Release|Any CPU
		{DABCA8F7-F53B-400D-891C-01B3443C5FAD}.Release|Any CPU.Build.0 = Release|Any CPU
	EndGlobalSection
	GlobalSection(SolutionProperties) = preSolution
		HideSolutionNode = FALSE
	EndGlobalSection
	GlobalSection(ExtensibilityGlobals) = postSolution
		SolutionGuid = {43918D2E-66A2-4C0E-BC6B-B5FED1F436A2}
	EndGlobalSection
EndGlobal
